{
  "name": "wsj-crossword-to-supernote",
  "version": "1.0.0",
  "lockfileVersion": 2,
  "requires": true,
  "packages": {
    "": {
      "name": "wsj-crossword-to-supernote",
      "version": "1.0.0",
      "license": "ISC",
      "dependencies": {
        "@colingourlay/supernote-cloud-api": "^1.0.1"
      }
    },
    "node_modules/@colingourlay/supernote-cloud-api": {
      "version": "1.0.1",
      "resolved": "https://registry.npmjs.org/@colingourlay/supernote-cloud-api/-/supernote-cloud-api-1.0.1.tgz",
      "integrity": "sha512-GzcW5NHmO4+B8xMDP5gSQZnGbRkT94mEoOGvk7ZGltoTKO+jKTiCXZxGFcB4axPyAsE17Xrrh+MGV5U/UtDiug=="
    }
  },
  "dependencies": {
    "@colingourlay/supernote-cloud-api": {
      "version": "1.0.1",
      "resolved": "https://registry.npmjs.org/@colingourlay/supernote-cloud-api/-/supernote-cloud-api-1.0.1.tgz",
      "integrity": "sha512-GzcW5NHmO4+B8xMDP5gSQZnGbRkT94mEoOGvk7ZGltoTKO+jKTiCXZxGFcB4axPyAsE17Xrrh+MGV5U/UtDiug=="
    }
  }
}
